
Microsoft Visual Studio Solution File, Format Version 12.00
# Visual Studio Version 17
VisualStudioVersion = 17.2.32616.157
MinimumVisualStudioVersion = 10.0.40219.1
Project("{FAE04EC0-301F-11D3-BF4B-00C04F79EFBC}") = "WPFKakao", "WPFKakao\WPFKakao.csproj", "{39B01F86-3A95-4383-90FA-B8A067EDD52B}"
EndProject
Global
	GlobalSection(SolutionConfigurationPlatforms) = preSolution
		Debug|Any CPU = Debug|Any CPU
		Release|Any CPU = Release|Any CPU
	EndGlobalSection
	GlobalSection(ProjectConfigurationPlatforms) = postSolution
		{39B01F86-3A95-4383-90FA-B8A067EDD52B}.Debug|Any CPU.ActiveCfg = Debug|Any CPU
		{39B01F86-3A95-4383-90FA-B8A067EDD52B}.Debug|Any CPU.Build.0 = Debug|Any CPU
		{39B01F86-3A95-4383-90FA-B8A067EDD52B}.Release|Any CPU.ActiveCfg = Release|Any CPU
		{39B01F86-3A95-4383-90FA-B8A067EDD52B}.Release|Any CPU.Build.0 = Release|Any CPU
	EndGlobalSection
	GlobalSection(SolutionProperties) = preSolution
		HideSolutionNode = FALSE
	EndGlobalSection
	GlobalSection(ExtensibilityGlobals) = postSolution
		SolutionGuid = {00A1865E-A333-4C35-AC79-98732763CF7D}
	EndGlobalSection
EndGlobal
